
Microsoft Visual Studio Solution File, Format Version 12.00
# Visual Studio Version 16
VisualStudioVersion = 16.0.31112.23
MinimumVisualStudioVersion = 10.0.40219.1
Project("{FAE04EC0-301F-11D3-BF4B-00C04F79EFBC}") = "neironki", "neironki\neironki.csproj", "{ED43A089-FEC3-468A-BB01-A566A624BED8}"
EndProject
Global
	GlobalSection(SolutionConfigurationPlatforms) = preSolution
		Debug|Any CPU = Debug|Any CPU
		Release|Any CPU = Release|Any CPU
	EndGlobalSection
	GlobalSection(ProjectConfigurationPlatforms) = postSolution
		{ED43A089-FEC3-468A-BB01-A566A624BED8}.Debug|Any CPU.ActiveCfg = Debug|Any CPU
		{ED43A089-FEC3-468A-BB01-A566A624BED8}.Debug|Any CPU.Build.0 = Debug|Any CPU
		{ED43A089-FEC3-468A-BB01-A566A624BED8}.Release|Any CPU.ActiveCfg = Release|Any CPU
		{ED43A089-FEC3-468A-BB01-A566A624BED8}.Release|Any CPU.Build.0 = Release|Any CPU
	EndGlobalSection
	GlobalSection(SolutionProperties) = preSolution
		HideSolutionNode = FALSE
	EndGlobalSection
	GlobalSection(ExtensibilityGlobals) = postSolution
		SolutionGuid = {C28938DB-7F5B-4023-9DAA-39EBE765D07F}
	EndGlobalSection
EndGlobal
